// !$*UTF8*$!
{
	archiveVersion = 1;
	classes = {
	};
	objectVersion = 56;
	objects = {

/* Begin PBXBuildFile section */
		B88F77B629B1F2AB002CDA52 /* AppDelegate.swift in Sources */ = {isa = PBXBuildFile; fileRef = B88F77B529B1F2AB002CDA52 /* AppDelegate.swift */; };
		B88F77B829B1F2AB002CDA52 /* SceneDelegate.swift in Sources */ = {isa = PBXBuildFile; fileRef = B88F77B729B1F2AB002CDA52 /* SceneDelegate.swift */; };
		B88F77BF29B1F2AC002CDA52 /* Assets.xcassets in Resources */ = {isa = PBXBuildFile; fileRef = B88F77BE29B1F2AC002CDA52 /* Assets.xcassets */; };
		B88F77C229B1F2AC002CDA52 /* LaunchScreen.storyboard in Resources */ = {isa = PBXBuildFile; fileRef = B88F77C029B1F2AC002CDA52 /* LaunchScreen.storyboard */; };
		B88F77CA29B1F34D002CDA52 /* WhoAreYouVC.swift in Sources */ = {isa = PBXBuildFile; fileRef = B88F77C929B1F34D002CDA52 /* WhoAreYouVC.swift */; };
		B88F77CC29B1FD44002CDA52 /* ChatVC.swift in Sources */ = {isa = PBXBuildFile; fileRef = B88F77CB29B1FD44002CDA52 /* ChatVC.swift */; };
		B88F77D129B275C7002CDA52 /* PersistanceManager.swift in Sources */ = {isa = PBXBuildFile; fileRef = B88F77D029B275C7002CDA52 /* PersistanceManager.swift */; };
		B88F77D629B2765E002CDA52 /* Message.swift in Sources */ = {isa = PBXBuildFile; fileRef = B88F77D529B2765E002CDA52 /* Message.swift */; };
		B88F77D829B27680002CDA52 /* SMError.swift in Sources */ = {isa = PBXBuildFile; fileRef = B88F77D729B27680002CDA52 /* SMError.swift */; };
		B88F77DA29B29205002CDA52 /* MessageCell.swift in Sources */ = {isa = PBXBuildFile; fileRef = B88F77D929B29205002CDA52 /* MessageCell.swift */; };
/* End PBXBuildFile section */

/* Begin PBXFileReference section */
		B88F77B229B1F2AB002CDA52 /* Starwars-Messager.app */ = {isa = PBXFileReference; explicitFileType = wrapper.application; includeInIndex = 0; path = "Starwars-Messager.app"; sourceTree = BUILT_PRODUCTS_DIR; };
		B88F77B529B1F2AB002CDA52 /* AppDelegate.swift */ = {isa = PBXFileReference; lastKnownFileType = sourcecode.swift; path = AppDelegate.swift; sourceTree = "<group>"; };
		B88F77B729B1F2AB002CDA52 /* SceneDelegate.swift */ = {isa = PBXFileReference; lastKnownFileType = sourcecode.swift; path = SceneDelegate.swift; sourceTree = "<group>"; };
		B88F77BE29B1F2AC002CDA52 /* Assets.xcassets */ = {isa = PBXFileReference; lastKnownFileType = folder.assetcatalog; path = Assets.xcassets; sourceTree = "<group>"; };
		B88F77C129B1F2AC002CDA52 /* Base */ = {isa = PBXFileReference; lastKnownFileType = file.storyboard; name = Base; path = Base.lproj/LaunchScreen.storyboard; sourceTree = "<group>"; };
		B88F77C329B1F2AC002CDA52 /* Info.plist */ = {isa = PBXFileReference; lastKnownFileType = text.plist.xml; path = Info.plist; sourceTree = "<group>"; };
		B88F77C929B1F34D002CDA52 /* WhoAreYouVC.swift */ = {isa = PBXFileReference; lastKnownFileType = sourcecode.swift; path = WhoAreYouVC.swift; sourceTree = "<group>"; };
		B88F77CB29B1FD44002CDA52 /* ChatVC.swift */ = {isa = PBXFileReference; lastKnownFileType = sourcecode.swift; path = ChatVC.swift; sourceTree = "<group>"; };
		B88F77D029B275C7002CDA52 /* PersistanceManager.swift */ = {isa = PBXFileReference; lastKnownFileType = sourcecode.swift; path = PersistanceManager.swift; sourceTree = "<group>"; };
		B88F77D529B2765E002CDA52 /* Message.swift */ = {isa = PBXFileReference; lastKnownFileType = sourcecode.swift; path = Message.swift; sourceTree = "<group>"; };
		B88F77D729B27680002CDA52 /* SMError.swift */ = {isa = PBXFileReference; lastKnownFileType = sourcecode.swift; path = SMError.swift; sourceTree = "<group>"; };
		B88F77D929B29205002CDA52 /* MessageCell.swift */ = {isa = PBXFileReference; lastKnownFileType = sourcecode.swift; path = MessageCell.swift; sourceTree = "<group>"; };
/* End PBXFileReference section */

/* Begin PBXFrameworksBuildPhase section */
		B88F77AF29B1F2AB002CDA52 /* Frameworks */ = {
			isa = PBXFrameworksBuildPhase;
			buildActionMask = 2147483647;
			files = (
			);
			runOnlyForDeploymentPostprocessing = 0;
		};
/* End PBXFrameworksBuildPhase section */

/* Begin PBXGroup section */
		B88F77A929B1F2AB002CDA52 = {
			isa = PBXGroup;
			children = (
				B88F77B429B1F2AB002CDA52 /* Starwars-Messager */,
				B88F77B329B1F2AB002CDA52 /* Products */,
			);
			sourceTree = "<group>";
		};
		B88F77B329B1F2AB002CDA52 /* Products */ = {
			isa = PBXGroup;
			children = (
				B88F77B229B1F2AB002CDA52 /* Starwars-Messager.app */,
			);
			name = Products;
			sourceTree = "<group>";
		};
		B88F77B429B1F2AB002CDA52 /* Starwars-Messager */ = {
			isa = PBXGroup;
			children = (
				B88F77D429B2760B002CDA52 /* Utilities */,
				B88F77D329B275D7002CDA52 /* Costom Views */,
				B88F77D229B275CB002CDA52 /* Models */,
				B88F77CF29B275AA002CDA52 /* Managers */,
				B88F77CE29B27593002CDA52 /* Screens */,
				B88F77CD29B27580002CDA52 /* Supports */,
				B88F77C329B1F2AC002CDA52 /* Info.plist */,
			);
			path = "Starwars-Messager";
			sourceTree = "<group>";
		};
		B88F77CD29B27580002CDA52 /* Supports */ = {
			isa = PBXGroup;
			children = (
				B88F77B529B1F2AB002CDA52 /* AppDelegate.swift */,
				B88F77B729B1F2AB002CDA52 /* SceneDelegate.swift */,
				B88F77BE29B1F2AC002CDA52 /* Assets.xcassets */,
				B88F77C029B1F2AC002CDA52 /* LaunchScreen.storyboard */,
			);
			path = Supports;
			sourceTree = "<group>";
		};
		B88F77CE29B27593002CDA52 /* Screens */ = {
			isa = PBXGroup;
			children = (
				B88F77C929B1F34D002CDA52 /* WhoAreYouVC.swift */,
				B88F77CB29B1FD44002CDA52 /* ChatVC.swift */,
			);
			path = Screens;
			sourceTree = "<group>";
		};
		B88F77CF29B275AA002CDA52 /* Managers */ = {
			isa = PBXGroup;
			children = (
				B88F77D029B275C7002CDA52 /* PersistanceManager.swift */,
			);
			path = Managers;
			sourceTree = "<group>";
		};
		B88F77D229B275CB002CDA52 /* Models */ = {
			isa = PBXGroup;
			children = (
				B88F77D529B2765E002CDA52 /* Message.swift */,
			);
			path = Models;
			sourceTree = "<group>";
		};
		B88F77D329B275D7002CDA52 /* Costom Views */ = {
			isa = PBXGroup;
			children = (
				B88F77D929B29205002CDA52 /* MessageCell.swift */,
			);
			path = "Costom Views";
			sourceTree = "<group>";
		};
		B88F77D429B2760B002CDA52 /* Utilities */ = {
			isa = PBXGroup;
			children = (
				B88F77D729B27680002CDA52 /* SMError.swift */,
			);
			path = Utilities;
			sourceTree = "<group>";
		};
/* End PBXGroup section */

/* Begin PBXNativeTarget section */
		B88F77B129B1F2AB002CDA52 /* Starwars-Messager */ = {
			isa = PBXNativeTarget;
			buildConfigurationList = B88F77C629B1F2AC002CDA52 /* Build configuration list for PBXNativeTarget "Starwars-Messager" */;
			buildPhases = (
				B88F77AE29B1F2AB002CDA52 /* Sources */,
				B88F77AF29B1F2AB002CDA52 /* Frameworks */,
				B88F77B029B1F2AB002CDA52 /* Resources */,
			);
			buildRules = (
			);
			dependencies = (
			);
			name = "Starwars-Messager";
			productName = "Starwars-Messager";
			productReference = B88F77B229B1F2AB002CDA52 /* Starwars-Messager.app */;
			productType = "com.apple.product-type.application";
		};
/* End PBXNativeTarget section */

/* Begin PBXProject section */
		B88F77AA29B1F2AB002CDA52 /* Project object */ = {
			isa = PBXProject;
			attributes = {
				BuildIndependentTargetsInParallel = 1;
				LastSwiftUpdateCheck = 1420;
				LastUpgradeCheck = 1420;
				TargetAttributes = {
					B88F77B129B1F2AB002CDA52 = {
						CreatedOnToolsVersion = 14.2;
					};
				};
			};
			buildConfigurationList = B88F77AD29B1F2AB002CDA52 /* Build configuration list for PBXProject "Starwars-Messager" */;
			compatibilityVersion = "Xcode 14.0";
			developmentRegion = en;
			hasScannedForEncodings = 0;
			knownRegions = (
				en,
				Base,
			);
			mainGroup = B88F77A929B1F2AB002CDA52;
			productRefGroup = B88F77B329B1F2AB002CDA52 /* Products */;
			projectDirPath = "";
			projectRoot = "";
			targets = (
				B88F77B129B1F2AB002CDA52 /* Starwars-Messager */,
			);
		};
/* End PBXProject section */

/* Begin PBXResourcesBuildPhase section */
		B88F77B029B1F2AB002CDA52 /* Resources */ = {
			isa = PBXResourcesBuildPhase;
			buildActionMask = 2147483647;
			files = (
				B88F77C229B1F2AC002CDA52 /* LaunchScreen.storyboard in Resources */,
				B88F77BF29B1F2AC002CDA52 /* Assets.xcassets in Resources */,
			);
			runOnlyForDeploymentPostprocessing = 0;
		};
/* End PBXResourcesBuildPhase section */

/* Begin PBXSourcesBuildPhase section */
		B88F77AE29B1F2AB002CDA52 /* Sources */ = {
			isa = PBXSourcesBuildPhase;
			buildActionMask = 2147483647;
			files = (
				B88F77D129B275C7002CDA52 /* PersistanceManager.swift in Sources */,
				B88F77DA29B29205002CDA52 /* MessageCell.swift in Sources */,
				B88F77CC29B1FD44002CDA52 /* ChatVC.swift in Sources */,
				B88F77B629B1F2AB002CDA52 /* AppDelegate.swift in Sources */,
				B88F77D629B2765E002CDA52 /* Message.swift in Sources */,
				B88F77CA29B1F34D002CDA52 /* WhoAreYouVC.swift in Sources */,
				B88F77D829B27680002CDA52 /* SMError.swift in Sources */,
				B88F77B829B1F2AB002CDA52 /* SceneDelegate.swift in Sources */,
			);
			runOnlyForDeploymentPostprocessing = 0;
		};
/* End PBXSourcesBuildPhase section */

/* Begin PBXVariantGroup section */
		B88F77C029B1F2AC002CDA52 /* LaunchScreen.storyboard */ = {
			isa = PBXVariantGroup;
			children = (
				B88F77C129B1F2AC002CDA52 /* Base */,
			);
			name = LaunchScreen.storyboard;
			sourceTree = "<group>";
		};
/* End PBXVariantGroup section */

/* Begin XCBuildConfiguration section */
		B88F77C429B1F2AC002CDA52 /* Debug */ = {
			isa = XCBuildConfiguration;
			buildSettings = {
				ALWAYS_SEARCH_USER_PATHS = NO;
				CLANG_ANALYZER_NONNULL = YES;
				CLANG_ANALYZER_NUMBER_OBJECT_CONVERSION = YES_AGGRESSIVE;
				CLANG_CXX_LANGUAGE_STANDARD = "gnu++20";
				CLANG_ENABLE_MODULES = YES;
				CLANG_ENABLE_OBJC_ARC = YES;
				CLANG_ENABLE_OBJC_WEAK = YES;
				CLANG_WARN_BLOCK_CAPTURE_AUTORELEASING = YES;
				CLANG_WARN_BOOL_CONVERSION = YES;
				CLANG_WARN_COMMA = YES;
				CLANG_WARN_CONSTANT_CONVERSION = YES;
				CLANG_WARN_DEPRECATED_OBJC_IMPLEMENTATIONS = YES;
				CLANG_WARN_DIRECT_OBJC_ISA_USAGE = YES_ERROR;
				CLANG_WARN_DOCUMENTATION_COMMENTS = YES;
				CLANG_WARN_EMPTY_BODY = YES;
				CLANG_WARN_ENUM_CONVERSION = YES;
				CLANG_WARN_INFINITE_RECURSION = YES;
				CLANG_WARN_INT_CONVERSION = YES;
				CLANG_WARN_NON_LITERAL_NULL_CONVERSION = YES;
				CLANG_WARN_OBJC_IMPLICIT_RETAIN_SELF = YES;
				CLANG_WARN_OBJC_LITERAL_CONVERSION = YES;
				CLANG_WARN_OBJC_ROOT_CLASS = YES_ERROR;
				CLANG_WARN_QUOTED_INCLUDE_IN_FRAMEWORK_HEADER = YES;
				CLANG_WARN_RANGE_LOOP_ANALYSIS = YES;
				CLANG_WARN_STRICT_PROTOTYPES = YES;
				CLANG_WARN_SUSPICIOUS_MOVE = YES;
				CLANG_WARN_UNGUARDED_AVAILABILITY = YES_AGGRESSIVE;
				CLANG_WARN_UNREACHABLE_CODE = YES;
				CLANG_WARN__DUPLICATE_METHOD_MATCH = YES;
				COPY_PHASE_STRIP = NO;
				DEBUG_INFORMATION_FORMAT = dwarf;
				ENABLE_STRICT_OBJC_MSGSEND = YES;
				ENABLE_TESTABILITY = YES;
				GCC_C_LANGUAGE_STANDARD = gnu11;
				GCC_DYNAMIC_NO_PIC = NO;
				GCC_NO_COMMON_BLOCKS = YES;
				GCC_OPTIMIZATION_LEVEL = 0;
				GCC_PREPROCESSOR_DEFINITIONS = (
					"DEBUG=1",
					"$(inherited)",
				);
				GCC_WARN_64_TO_32_BIT_CONVERSION = YES;
				GCC_WARN_ABOUT_RETURN_TYPE = YES_ERROR;
				GCC_WARN_UNDECLARED_SELECTOR = YES;
				GCC_WARN_UNINITIALIZED_AUTOS = YES_AGGRESSIVE;
				GCC_WARN_UNUSED_FUNCTION = YES;
				GCC_WARN_UNUSED_VARIABLE = YES;
				IPHONEOS_DEPLOYMENT_TARGET = 16.2;
				MTL_ENABLE_DEBUG_INFO = INCLUDE_SOURCE;
				MTL_FAST_MATH = YES;
				ONLY_ACTIVE_ARCH = YES;
				SDKROOT = iphoneos;
				SWIFT_ACTIVE_COMPILATION_CONDITIONS = DEBUG;
				SWIFT_OPTIMIZATION_LEVEL = "-Onone";
			};
			name = Debug;
		};
		B88F77C529B1F2AC002CDA52 /* Release */ = {
			isa = XCBuildConfiguration;
			buildSettings = {
				ALWAYS_SEARCH_USER_PATHS = NO;
				CLANG_ANALYZER_NONNULL = YES;
				CLANG_ANALYZER_NUMBER_OBJECT_CONVERSION = YES_AGGRESSIVE;
				CLANG_CXX_LANGUAGE_STANDARD = "gnu++20";
				CLANG_ENABLE_MODULES = YES;
				CLANG_ENABLE_OBJC_ARC = YES;
				CLANG_ENABLE_OBJC_WEAK = YES;
				CLANG_WARN_BLOCK_CAPTURE_AUTORELEASING = YES;
				CLANG_WARN_BOOL_CONVERSION = YES;
				CLANG_WARN_COMMA = YES;
				CLANG_WARN_CONSTANT_CONVERSION = YES;
				CLANG_WARN_DEPRECATED_OBJC_IMPLEMENTATIONS = YES;
				CLANG_WARN_DIRECT_OBJC_ISA_USAGE = YES_ERROR;
				CLANG_WARN_DOCUMENTATION_COMMENTS = YES;
				CLANG_WARN_EMPTY_BODY = YES;
				CLANG_WARN_ENUM_CONVERSION = YES;
				CLANG_WARN_INFINITE_RECURSION = YES;
				CLANG_WARN_INT_CONVERSION = YES;
				CLANG_WARN_NON_LITERAL_NULL_CONVERSION = YES;
				CLANG_WARN_OBJC_IMPLICIT_RETAIN_SELF = YES;
				CLANG_WARN_OBJC_LITERAL_CONVERSION = YES;
				CLANG_WARN_OBJC_ROOT_CLASS = YES_ERROR;
				CLANG_WARN_QUOTED_INCLUDE_IN_FRAMEWORK_HEADER = YES;
				CLANG_WARN_RANGE_LOOP_ANALYSIS = YES;
				CLANG_WARN_STRICT_PROTOTYPES = YES;
				CLANG_WARN_SUSPICIOUS_MOVE = YES;
				CLANG_WARN_UNGUARDED_AVAILABILITY = YES_AGGRESSIVE;
				CLANG_WARN_UNREACHABLE_CODE = YES;
				CLANG_WARN__DUPLICATE_METHOD_MATCH = YES;
				COPY_PHASE_STRIP = NO;
				DEBUG_INFORMATION_FORMAT = "dwarf-with-dsym";
				ENABLE_NS_ASSERTIONS = NO;
				ENABLE_STRICT_OBJC_MSGSEND = YES;
				GCC_C_LANGUAGE_STANDARD = gnu11;
				GCC_NO_COMMON_BLOCKS = YES;
				GCC_WARN_64_TO_32_BIT_CONVERSION = YES;
				GCC_WARN_ABOUT_RETURN_TYPE = YES_ERROR;
				GCC_WARN_UNDECLARED_SELECTOR = YES;
				GCC_WARN_UNINITIALIZED_AUTOS = YES_AGGRESSIVE;
				GCC_WARN_UNUSED_FUNCTION = YES;
				GCC_WARN_UNUSED_VARIABLE = YES;
				IPHONEOS_DEPLOYMENT_TARGET = 16.2;
				MTL_ENABLE_DEBUG_INFO = NO;
				MTL_FAST_MATH = YES;
				SDKROOT = iphoneos;
				SWIFT_COMPILATION_MODE = wholemodule;
				SWIFT_OPTIMIZATION_LEVEL = "-O";
				VALIDATE_PRODUCT = YES;
			};
			name = Release;
		};
		B88F77C729B1F2AC002CDA52 /* Debug */ = {
			isa = XCBuildConfiguration;
			buildSettings = {
				ASSETCATALOG_COMPILER_APPICON_NAME = AppIcon;
				ASSETCATALOG_COMPILER_GLOBAL_ACCENT_COLOR_NAME = AccentColor;
				CODE_SIGN_STYLE = Automatic;
				CURRENT_PROJECT_VERSION = 1;
				DEVELOPMENT_TEAM = "";
				GENERATE_INFOPLIST_FILE = YES;
				INFOPLIST_FILE = "Starwars-Messager/Info.plist";
				INFOPLIST_KEY_UIApplicationSupportsIndirectInputEvents = YES;
				INFOPLIST_KEY_UILaunchStoryboardName = LaunchScreen;
				INFOPLIST_KEY_UISupportedInterfaceOrientations = UIInterfaceOrientationPortrait;
				LD_RUNPATH_SEARCH_PATHS = (
					"$(inherited)",
					"@executable_path/Frameworks",
				);
				MARKETING_VERSION = 1.0;
				PRODUCT_BUNDLE_IDENTIFIER = "com.eminlmkklsdsdl.Starwars-Messager";
				PRODUCT_NAME = "$(TARGET_NAME)";
				SWIFT_EMIT_LOC_STRINGS = YES;
				SWIFT_VERSION = 5.0;
				TARGETED_DEVICE_FAMILY = "1,2";
			};
			name = Debug;
		};
		B88F77C829B1F2AC002CDA52 /* Release */ = {
			isa = XCBuildConfiguration;
			buildSettings = {
				ASSETCATALOG_COMPILER_APPICON_NAME = AppIcon;
				ASSETCATALOG_COMPILER_GLOBAL_ACCENT_COLOR_NAME = AccentColor;
				CODE_SIGN_STYLE = Automatic;
				CURRENT_PROJECT_VERSION = 1;
				DEVELOPMENT_TEAM = "";
				GENERATE_INFOPLIST_FILE = YES;
				INFOPLIST_FILE = "Starwars-Messager/Info.plist";
				INFOPLIST_KEY_UIApplicationSupportsIndirectInputEvents = YES;
				INFOPLIST_KEY_UILaunchStoryboardName = LaunchScreen;
				INFOPLIST_KEY_UISupportedInterfaceOrientations = UIInterfaceOrientationPortrait;
				LD_RUNPATH_SEARCH_PATHS = (
					"$(inherited)",
					"@executable_path/Frameworks",
				);
				MARKETING_VERSION = 1.0;
				PRODUCT_BUNDLE_IDENTIFIER = "com.eminlmkklsdsdl.Starwars-Messager";
				PRODUCT_NAME = "$(TARGET_NAME)";
				SWIFT_EMIT_LOC_STRINGS = YES;
				SWIFT_VERSION = 5.0;
				TARGETED_DEVICE_FAMILY = "1,2";
			};
			name = Release;
		};
/* End XCBuildConfiguration section */

/* Begin XCConfigurationList section */
		B88F77AD29B1F2AB002CDA52 /* Build configuration list for PBXProject "Starwars-Messager" */ = {
			isa = XCConfigurationList;
			buildConfigurations = (
				B88F77C429B1F2AC002CDA52 /* Debug */,
				B88F77C529B1F2AC002CDA52 /* Release */,
			);
			defaultConfigurationIsVisible = 0;
			defaultConfigurationName = Release;
		};
		B88F77C629B1F2AC002CDA52 /* Build configuration list for PBXNativeTarget "Starwars-Messager" */ = {
			isa = XCConfigurationList;
			buildConfigurations = (
				B88F77C729B1F2AC002CDA52 /* Debug */,
				B88F77C829B1F2AC002CDA52 /* Release */,
			);
			defaultConfigurationIsVisible = 0;
			defaultConfigurationName = Release;
		};
/* End XCConfigurationList section */
	};
	rootObject = B88F77AA29B1F2AB002CDA52 /* Project object */;
}
